
Microsoft Visual Studio Solution File, Format Version 12.00
# Visual Studio Version 17
VisualStudioVersion = 17.0.32014.148
MinimumVisualStudioVersion = 10.0.40219.1
Project("{FAE04EC0-301F-11D3-BF4B-00C04F79EFBC}") = "API", "API\API.csproj", "{0B225129-FB36-4883-B04C-764CD8797971}"
EndProject
Global
	GlobalSection(SolutionConfigurationPlatforms) = preSolution
		Debug|Any CPU = Debug|Any CPU
		Release|Any CPU = Release|Any CPU
	EndGlobalSection
	GlobalSection(ProjectConfigurationPlatforms) = postSolution
		{0B225129-FB36-4883-B04C-764CD8797971}.Debug|Any CPU.ActiveCfg = Debug|Any CPU
		{0B225129-FB36-4883-B04C-764CD8797971}.Debug|Any CPU.Build.0 = Debug|Any CPU
		{0B225129-FB36-4883-B04C-764CD8797971}.Release|Any CPU.ActiveCfg = Release|Any CPU
		{0B225129-FB36-4883-B04C-764CD8797971}.Release|Any CPU.Build.0 = Release|Any CPU
	EndGlobalSection
	GlobalSection(SolutionProperties) = preSolution
		HideSolutionNode = FALSE
	EndGlobalSection
	GlobalSection(ExtensibilityGlobals) = postSolution
		SolutionGuid = {517F8B0C-D993-4B4B-AAF1-D636D9DE0049}
	EndGlobalSection
EndGlobal
